// !$*UTF8*$!
{
	archiveVersion = 1;
	classes = {
	};
	objectVersion = 56;
	objects = {

/* Begin PBXBuildFile section */
		230825AD2BE1E79E0006DF7A /* SwiftUI_MapApp.swift in Sources */ = {isa = PBXBuildFile; fileRef = 230825AC2BE1E79E0006DF7A /* SwiftUI_MapApp.swift */; };
		230825AF2BE1E79E0006DF7A /* ContentView.swift in Sources */ = {isa = PBXBuildFile; fileRef = 230825AE2BE1E79E0006DF7A /* ContentView.swift */; };
		230825B42BE1E79F0006DF7A /* Preview Assets.xcassets in Resources */ = {isa = PBXBuildFile; fileRef = 230825B32BE1E79F0006DF7A /* Preview Assets.xcassets */; };
		236733DA2BE60AD200F4A5E8 /* LocationMapAnnotaionView.swift in Sources */ = {isa = PBXBuildFile; fileRef = 236733D92BE60AD200F4A5E8 /* LocationMapAnnotaionView.swift */; };
		236733DC2BE613EE00F4A5E8 /* LocationDetailView.swift in Sources */ = {isa = PBXBuildFile; fileRef = 236733DB2BE613EE00F4A5E8 /* LocationDetailView.swift */; };
		23D845612BE208C10017C640 /* Assets.xcassets in Resources */ = {isa = PBXBuildFile; fileRef = 23D845602BE208C10017C640 /* Assets.xcassets */; };
		23D845662BE209AE0017C640 /* Location.swift in Sources */ = {isa = PBXBuildFile; fileRef = 23D845652BE209AE0017C640 /* Location.swift */; };
		23D8456A2BE20AEA0017C640 /* LocationsDataService.swift in Sources */ = {isa = PBXBuildFile; fileRef = 23D845692BE20AEA0017C640 /* LocationsDataService.swift */; };
		23D8456C2BE2152E0017C640 /* LocationsView.swift in Sources */ = {isa = PBXBuildFile; fileRef = 23D8456B2BE2152E0017C640 /* LocationsView.swift */; };
		23D8456E2BE21F500017C640 /* LocationsViewModel.swift in Sources */ = {isa = PBXBuildFile; fileRef = 23D8456D2BE21F500017C640 /* LocationsViewModel.swift */; };
		23D845702BE24E3E0017C640 /* LocationsListView.swift in Sources */ = {isa = PBXBuildFile; fileRef = 23D8456F2BE24E3E0017C640 /* LocationsListView.swift */; };
		23D845722BE25EE50017C640 /* LocationPreviewView.swift in Sources */ = {isa = PBXBuildFile; fileRef = 23D845712BE25EE40017C640 /* LocationPreviewView.swift */; };
/* End PBXBuildFile section */

/* Begin PBXFileReference section */
		230825A92BE1E79E0006DF7A /* SwiftUI-Map.app */ = {isa = PBXFileReference; explicitFileType = wrapper.application; includeInIndex = 0; path = "SwiftUI-Map.app"; sourceTree = BUILT_PRODUCTS_DIR; };
		230825AC2BE1E79E0006DF7A /* SwiftUI_MapApp.swift */ = {isa = PBXFileReference; lastKnownFileType = sourcecode.swift; path = SwiftUI_MapApp.swift; sourceTree = "<group>"; };
		230825AE2BE1E79E0006DF7A /* ContentView.swift */ = {isa = PBXFileReference; lastKnownFileType = sourcecode.swift; path = ContentView.swift; sourceTree = "<group>"; };
		230825B32BE1E79F0006DF7A /* Preview Assets.xcassets */ = {isa = PBXFileReference; lastKnownFileType = folder.assetcatalog; path = "Preview Assets.xcassets"; sourceTree = "<group>"; };
		236733D92BE60AD200F4A5E8 /* LocationMapAnnotaionView.swift */ = {isa = PBXFileReference; lastKnownFileType = sourcecode.swift; path = LocationMapAnnotaionView.swift; sourceTree = "<group>"; };
		236733DB2BE613EE00F4A5E8 /* LocationDetailView.swift */ = {isa = PBXFileReference; lastKnownFileType = sourcecode.swift; path = LocationDetailView.swift; sourceTree = "<group>"; };
		236733DD2BE6428800F4A5E8 /* Info.plist */ = {isa = PBXFileReference; lastKnownFileType = text.plist; path = Info.plist; sourceTree = "<group>"; };
		23D845602BE208C10017C640 /* Assets.xcassets */ = {isa = PBXFileReference; lastKnownFileType = folder.assetcatalog; path = Assets.xcassets; sourceTree = "<group>"; };
		23D845652BE209AE0017C640 /* Location.swift */ = {isa = PBXFileReference; lastKnownFileType = sourcecode.swift; path = Location.swift; sourceTree = "<group>"; };
		23D845692BE20AEA0017C640 /* LocationsDataService.swift */ = {isa = PBXFileReference; fileEncoding = 4; lastKnownFileType = sourcecode.swift; name = LocationsDataService.swift; path = "../../../../../Downloads/b6dc374-3b0b-6bdc-3b7f-f7ce4c005a_SwiftfulMapApp-Downloads-2/LocationsDataService.swift"; sourceTree = "<group>"; };
		23D8456B2BE2152E0017C640 /* LocationsView.swift */ = {isa = PBXFileReference; lastKnownFileType = sourcecode.swift; path = LocationsView.swift; sourceTree = "<group>"; };
		23D8456D2BE21F500017C640 /* LocationsViewModel.swift */ = {isa = PBXFileReference; lastKnownFileType = sourcecode.swift; path = LocationsViewModel.swift; sourceTree = "<group>"; };
		23D8456F2BE24E3E0017C640 /* LocationsListView.swift */ = {isa = PBXFileReference; lastKnownFileType = sourcecode.swift; path = LocationsListView.swift; sourceTree = "<group>"; };
		23D845712BE25EE40017C640 /* LocationPreviewView.swift */ = {isa = PBXFileReference; lastKnownFileType = sourcecode.swift; path = LocationPreviewView.swift; sourceTree = "<group>"; };
/* End PBXFileReference section */

/* Begin PBXFrameworksBuildPhase section */
		230825A62BE1E79E0006DF7A /* Frameworks */ = {
			isa = PBXFrameworksBuildPhase;
			buildActionMask = 2147483647;
			files = (
			);
			runOnlyForDeploymentPostprocessing = 0;
		};
/* End PBXFrameworksBuildPhase section */

/* Begin PBXGroup section */
		230825A02BE1E79E0006DF7A = {
			isa = PBXGroup;
			children = (
				230825AB2BE1E79E0006DF7A /* SwiftUI-Map */,
				230825AA2BE1E79E0006DF7A /* Products */,
			);
			sourceTree = "<group>";
		};
		230825AA2BE1E79E0006DF7A /* Products */ = {
			isa = PBXGroup;
			children = (
				230825A92BE1E79E0006DF7A /* SwiftUI-Map.app */,
			);
			name = Products;
			sourceTree = "<group>";
		};
		230825AB2BE1E79E0006DF7A /* SwiftUI-Map */ = {
			isa = PBXGroup;
			children = (
				236733DD2BE6428800F4A5E8 /* Info.plist */,
				23D845672BE20A840017C640 /* DataServices */,
				23D845632BE2097A0017C640 /* Views */,
				23D845642BE209810017C640 /* ViewModels */,
				23D845622BE209710017C640 /* Models */,
				230825AC2BE1E79E0006DF7A /* SwiftUI_MapApp.swift */,
				230825AE2BE1E79E0006DF7A /* ContentView.swift */,
				23D845602BE208C10017C640 /* Assets.xcassets */,
				230825B22BE1E79F0006DF7A /* Preview Content */,
			);
			path = "SwiftUI-Map";
			sourceTree = "<group>";
		};
		230825B22BE1E79F0006DF7A /* Preview Content */ = {
			isa = PBXGroup;
			children = (
				230825B32BE1E79F0006DF7A /* Preview Assets.xcassets */,
			);
			path = "Preview Content";
			sourceTree = "<group>";
		};
		23D845622BE209710017C640 /* Models */ = {
			isa = PBXGroup;
			children = (
				23D845652BE209AE0017C640 /* Location.swift */,
			);
			path = Models;
			sourceTree = "<group>";
		};
		23D845632BE2097A0017C640 /* Views */ = {
			isa = PBXGroup;
			children = (
				23D8456B2BE2152E0017C640 /* LocationsView.swift */,
				23D8456F2BE24E3E0017C640 /* LocationsListView.swift */,
				23D845712BE25EE40017C640 /* LocationPreviewView.swift */,
				236733D92BE60AD200F4A5E8 /* LocationMapAnnotaionView.swift */,
				236733DB2BE613EE00F4A5E8 /* LocationDetailView.swift */,
			);
			path = Views;
			sourceTree = "<group>";
		};
		23D845642BE209810017C640 /* ViewModels */ = {
			isa = PBXGroup;
			children = (
				23D8456D2BE21F500017C640 /* LocationsViewModel.swift */,
			);
			path = ViewModels;
			sourceTree = "<group>";
		};
		23D845672BE20A840017C640 /* DataServices */ = {
			isa = PBXGroup;
			children = (
				23D845692BE20AEA0017C640 /* LocationsDataService.swift */,
			);
			path = DataServices;
			sourceTree = "<group>";
		};
/* End PBXGroup section */

/* Begin PBXNativeTarget section */
		230825A82BE1E79E0006DF7A /* SwiftUI-Map */ = {
			isa = PBXNativeTarget;
			buildConfigurationList = 230825B72BE1E79F0006DF7A /* Build configuration list for PBXNativeTarget "SwiftUI-Map" */;
			buildPhases = (
				230825A52BE1E79E0006DF7A /* Sources */,
				230825A62BE1E79E0006DF7A /* Frameworks */,
				230825A72BE1E79E0006DF7A /* Resources */,
			);
			buildRules = (
			);
			dependencies = (
			);
			name = "SwiftUI-Map";
			productName = "SwiftUI-Map";
			productReference = 230825A92BE1E79E0006DF7A /* SwiftUI-Map.app */;
			productType = "com.apple.product-type.application";
		};
/* End PBXNativeTarget section */

/* Begin PBXProject section */
		230825A12BE1E79E0006DF7A /* Project object */ = {
			isa = PBXProject;
			attributes = {
				BuildIndependentTargetsInParallel = 1;
				LastSwiftUpdateCheck = 1420;
				LastUpgradeCheck = 1420;
				TargetAttributes = {
					230825A82BE1E79E0006DF7A = {
						CreatedOnToolsVersion = 14.2;
					};
				};
			};
			buildConfigurationList = 230825A42BE1E79E0006DF7A /* Build configuration list for PBXProject "SwiftUI-Map" */;
			compatibilityVersion = "Xcode 14.0";
			developmentRegion = en;
			hasScannedForEncodings = 0;
			knownRegions = (
				en,
				Base,
			);
			mainGroup = 230825A02BE1E79E0006DF7A;
			productRefGroup = 230825AA2BE1E79E0006DF7A /* Products */;
			projectDirPath = "";
			projectRoot = "";
			targets = (
				230825A82BE1E79E0006DF7A /* SwiftUI-Map */,
			);
		};
/* End PBXProject section */

/* Begin PBXResourcesBuildPhase section */
		230825A72BE1E79E0006DF7A /* Resources */ = {
			isa = PBXResourcesBuildPhase;
			buildActionMask = 2147483647;
			files = (
				23D845612BE208C10017C640 /* Assets.xcassets in Resources */,
				230825B42BE1E79F0006DF7A /* Preview Assets.xcassets in Resources */,
			);
			runOnlyForDeploymentPostprocessing = 0;
		};
/* End PBXResourcesBuildPhase section */

/* Begin PBXSourcesBuildPhase section */
		230825A52BE1E79E0006DF7A /* Sources */ = {
			isa = PBXSourcesBuildPhase;
			buildActionMask = 2147483647;
			files = (
				23D8456A2BE20AEA0017C640 /* LocationsDataService.swift in Sources */,
				23D845702BE24E3E0017C640 /* LocationsListView.swift in Sources */,
				23D845722BE25EE50017C640 /* LocationPreviewView.swift in Sources */,
				23D8456E2BE21F500017C640 /* LocationsViewModel.swift in Sources */,
				236733DA2BE60AD200F4A5E8 /* LocationMapAnnotaionView.swift in Sources */,
				230825AF2BE1E79E0006DF7A /* ContentView.swift in Sources */,
				23D8456C2BE2152E0017C640 /* LocationsView.swift in Sources */,
				23D845662BE209AE0017C640 /* Location.swift in Sources */,
				236733DC2BE613EE00F4A5E8 /* LocationDetailView.swift in Sources */,
				230825AD2BE1E79E0006DF7A /* SwiftUI_MapApp.swift in Sources */,
			);
			runOnlyForDeploymentPostprocessing = 0;
		};
/* End PBXSourcesBuildPhase section */

/* Begin XCBuildConfiguration section */
		230825B52BE1E79F0006DF7A /* Debug */ = {
			isa = XCBuildConfiguration;
			buildSettings = {
				ALWAYS_SEARCH_USER_PATHS = NO;
				CLANG_ANALYZER_NONNULL = YES;
				CLANG_ANALYZER_NUMBER_OBJECT_CONVERSION = YES_AGGRESSIVE;
				CLANG_CXX_LANGUAGE_STANDARD = "gnu++20";
				CLANG_ENABLE_MODULES = YES;
				CLANG_ENABLE_OBJC_ARC = YES;
				CLANG_ENABLE_OBJC_WEAK = YES;
				CLANG_WARN_BLOCK_CAPTURE_AUTORELEASING = YES;
				CLANG_WARN_BOOL_CONVERSION = YES;
				CLANG_WARN_COMMA = YES;
				CLANG_WARN_CONSTANT_CONVERSION = YES;
				CLANG_WARN_DEPRECATED_OBJC_IMPLEMENTATIONS = YES;
				CLANG_WARN_DIRECT_OBJC_ISA_USAGE = YES_ERROR;
				CLANG_WARN_DOCUMENTATION_COMMENTS = YES;
				CLANG_WARN_EMPTY_BODY = YES;
				CLANG_WARN_ENUM_CONVERSION = YES;
				CLANG_WARN_INFINITE_RECURSION = YES;
				CLANG_WARN_INT_CONVERSION = YES;
				CLANG_WARN_NON_LITERAL_NULL_CONVERSION = YES;
				CLANG_WARN_OBJC_IMPLICIT_RETAIN_SELF = YES;
				CLANG_WARN_OBJC_LITERAL_CONVERSION = YES;
				CLANG_WARN_OBJC_ROOT_CLASS = YES_ERROR;
				CLANG_WARN_QUOTED_INCLUDE_IN_FRAMEWORK_HEADER = YES;
				CLANG_WARN_RANGE_LOOP_ANALYSIS = YES;
				CLANG_WARN_STRICT_PROTOTYPES = YES;
				CLANG_WARN_SUSPICIOUS_MOVE = YES;
				CLANG_WARN_UNGUARDED_AVAILABILITY = YES_AGGRESSIVE;
				CLANG_WARN_UNREACHABLE_CODE = YES;
				CLANG_WARN__DUPLICATE_METHOD_MATCH = YES;
				COPY_PHASE_STRIP = NO;
				DEBUG_INFORMATION_FORMAT = dwarf;
				ENABLE_STRICT_OBJC_MSGSEND = YES;
				ENABLE_TESTABILITY = YES;
				GCC_C_LANGUAGE_STANDARD = gnu11;
				GCC_DYNAMIC_NO_PIC = NO;
				GCC_NO_COMMON_BLOCKS = YES;
				GCC_OPTIMIZATION_LEVEL = 0;
				GCC_PREPROCESSOR_DEFINITIONS = (
					"DEBUG=1",
					"$(inherited)",
				);
				GCC_WARN_64_TO_32_BIT_CONVERSION = YES;
				GCC_WARN_ABOUT_RETURN_TYPE = YES_ERROR;
				GCC_WARN_UNDECLARED_SELECTOR = YES;
				GCC_WARN_UNINITIALIZED_AUTOS = YES_AGGRESSIVE;
				GCC_WARN_UNUSED_FUNCTION = YES;
				GCC_WARN_UNUSED_VARIABLE = YES;
				IPHONEOS_DEPLOYMENT_TARGET = 16.2;
				MTL_ENABLE_DEBUG_INFO = INCLUDE_SOURCE;
				MTL_FAST_MATH = YES;
				ONLY_ACTIVE_ARCH = YES;
				SDKROOT = iphoneos;
				SWIFT_ACTIVE_COMPILATION_CONDITIONS = DEBUG;
				SWIFT_OPTIMIZATION_LEVEL = "-Onone";
			};
			name = Debug;
		};
		230825B62BE1E79F0006DF7A /* Release */ = {
			isa = XCBuildConfiguration;
			buildSettings = {
				ALWAYS_SEARCH_USER_PATHS = NO;
				CLANG_ANALYZER_NONNULL = YES;
				CLANG_ANALYZER_NUMBER_OBJECT_CONVERSION = YES_AGGRESSIVE;
				CLANG_CXX_LANGUAGE_STANDARD = "gnu++20";
				CLANG_ENABLE_MODULES = YES;
				CLANG_ENABLE_OBJC_ARC = YES;
				CLANG_ENABLE_OBJC_WEAK = YES;
				CLANG_WARN_BLOCK_CAPTURE_AUTORELEASING = YES;
				CLANG_WARN_BOOL_CONVERSION = YES;
				CLANG_WARN_COMMA = YES;
				CLANG_WARN_CONSTANT_CONVERSION = YES;
				CLANG_WARN_DEPRECATED_OBJC_IMPLEMENTATIONS = YES;
				CLANG_WARN_DIRECT_OBJC_ISA_USAGE = YES_ERROR;
				CLANG_WARN_DOCUMENTATION_COMMENTS = YES;
				CLANG_WARN_EMPTY_BODY = YES;
				CLANG_WARN_ENUM_CONVERSION = YES;
				CLANG_WARN_INFINITE_RECURSION = YES;
				CLANG_WARN_INT_CONVERSION = YES;
				CLANG_WARN_NON_LITERAL_NULL_CONVERSION = YES;
				CLANG_WARN_OBJC_IMPLICIT_RETAIN_SELF = YES;
				CLANG_WARN_OBJC_LITERAL_CONVERSION = YES;
				CLANG_WARN_OBJC_ROOT_CLASS = YES_ERROR;
				CLANG_WARN_QUOTED_INCLUDE_IN_FRAMEWORK_HEADER = YES;
				CLANG_WARN_RANGE_LOOP_ANALYSIS = YES;
				CLANG_WARN_STRICT_PROTOTYPES = YES;
				CLANG_WARN_SUSPICIOUS_MOVE = YES;
				CLANG_WARN_UNGUARDED_AVAILABILITY = YES_AGGRESSIVE;
				CLANG_WARN_UNREACHABLE_CODE = YES;
				CLANG_WARN__DUPLICATE_METHOD_MATCH = YES;
				COPY_PHASE_STRIP = NO;
				DEBUG_INFORMATION_FORMAT = "dwarf-with-dsym";
				ENABLE_NS_ASSERTIONS = NO;
				ENABLE_STRICT_OBJC_MSGSEND = YES;
				GCC_C_LANGUAGE_STANDARD = gnu11;
				GCC_NO_COMMON_BLOCKS = YES;
				GCC_WARN_64_TO_32_BIT_CONVERSION = YES;
				GCC_WARN_ABOUT_RETURN_TYPE = YES_ERROR;
				GCC_WARN_UNDECLARED_SELECTOR = YES;
				GCC_WARN_UNINITIALIZED_AUTOS = YES_AGGRESSIVE;
				GCC_WARN_UNUSED_FUNCTION = YES;
				GCC_WARN_UNUSED_VARIABLE = YES;
				IPHONEOS_DEPLOYMENT_TARGET = 16.2;
				MTL_ENABLE_DEBUG_INFO = NO;
				MTL_FAST_MATH = YES;
				SDKROOT = iphoneos;
				SWIFT_COMPILATION_MODE = wholemodule;
				SWIFT_OPTIMIZATION_LEVEL = "-O";
				VALIDATE_PRODUCT = YES;
			};
			name = Release;
		};
		230825B82BE1E79F0006DF7A /* Debug */ = {
			isa = XCBuildConfiguration;
			buildSettings = {
				ASSETCATALOG_COMPILER_APPICON_NAME = AppIcon;
				ASSETCATALOG_COMPILER_GLOBAL_ACCENT_COLOR_NAME = AccentColor;
				CODE_SIGN_STYLE = Automatic;
				CURRENT_PROJECT_VERSION = 1;
				DEVELOPMENT_ASSET_PATHS = "\"SwiftUI-Map/Preview Content\"";
				DEVELOPMENT_TEAM = 67RTDX96NH;
				ENABLE_PREVIEWS = YES;
				GENERATE_INFOPLIST_FILE = YES;
				INFOPLIST_FILE = "SwiftUI-Map/Info.plist";
				INFOPLIST_KEY_UIApplicationSceneManifest_Generation = YES;
				INFOPLIST_KEY_UIApplicationSupportsIndirectInputEvents = YES;
				INFOPLIST_KEY_UISupportedInterfaceOrientations = UIInterfaceOrientationPortrait;
				INFOPLIST_KEY_UISupportedInterfaceOrientations_iPad = "UIInterfaceOrientationLandscapeLeft UIInterfaceOrientationLandscapeRight UIInterfaceOrientationPortrait UIInterfaceOrientationPortraitUpsideDown";
				LD_RUNPATH_SEARCH_PATHS = (
					"$(inherited)",
					"@executable_path/Frameworks",
				);
				MARKETING_VERSION = 1.0;
				PRODUCT_BUNDLE_IDENTIFIER = "com.hadidhardiansyah.SwiftUI-Map";
				PRODUCT_NAME = "$(TARGET_NAME)";
				SWIFT_EMIT_LOC_STRINGS = YES;
				SWIFT_VERSION = 5.0;
				TARGETED_DEVICE_FAMILY = "1,2";
			};
			name = Debug;
		};
		230825B92BE1E79F0006DF7A /* Release */ = {
			isa = XCBuildConfiguration;
			buildSettings = {
				ASSETCATALOG_COMPILER_APPICON_NAME = AppIcon;
				ASSETCATALOG_COMPILER_GLOBAL_ACCENT_COLOR_NAME = AccentColor;
				CODE_SIGN_STYLE = Automatic;
				CURRENT_PROJECT_VERSION = 1;
				DEVELOPMENT_ASSET_PATHS = "\"SwiftUI-Map/Preview Content\"";
				DEVELOPMENT_TEAM = 67RTDX96NH;
				ENABLE_PREVIEWS = YES;
				GENERATE_INFOPLIST_FILE = YES;
				INFOPLIST_FILE = "SwiftUI-Map/Info.plist";
				INFOPLIST_KEY_UIApplicationSceneManifest_Generation = YES;
				INFOPLIST_KEY_UIApplicationSupportsIndirectInputEvents = YES;
				INFOPLIST_KEY_UISupportedInterfaceOrientations = UIInterfaceOrientationPortrait;
				INFOPLIST_KEY_UISupportedInterfaceOrientations_iPad = "UIInterfaceOrientationLandscapeLeft UIInterfaceOrientationLandscapeRight UIInterfaceOrientationPortrait UIInterfaceOrientationPortraitUpsideDown";
				LD_RUNPATH_SEARCH_PATHS = (
					"$(inherited)",
					"@executable_path/Frameworks",
				);
				MARKETING_VERSION = 1.0;
				PRODUCT_BUNDLE_IDENTIFIER = "com.hadidhardiansyah.SwiftUI-Map";
				PRODUCT_NAME = "$(TARGET_NAME)";
				SWIFT_EMIT_LOC_STRINGS = YES;
				SWIFT_VERSION = 5.0;
				TARGETED_DEVICE_FAMILY = "1,2";
			};
			name = Release;
		};
/* End XCBuildConfiguration section */

/* Begin XCConfigurationList section */
		230825A42BE1E79E0006DF7A /* Build configuration list for PBXProject "SwiftUI-Map" */ = {
			isa = XCConfigurationList;
			buildConfigurations = (
				230825B52BE1E79F0006DF7A /* Debug */,
				230825B62BE1E79F0006DF7A /* Release */,
			);
			defaultConfigurationIsVisible = 0;
			defaultConfigurationName = Release;
		};
		230825B72BE1E79F0006DF7A /* Build configuration list for PBXNativeTarget "SwiftUI-Map" */ = {
			isa = XCConfigurationList;
			buildConfigurations = (
				230825B82BE1E79F0006DF7A /* Debug */,
				230825B92BE1E79F0006DF7A /* Release */,
			);
			defaultConfigurationIsVisible = 0;
			defaultConfigurationName = Release;
		};
/* End XCConfigurationList section */
	};
	rootObject = 230825A12BE1E79E0006DF7A /* Project object */;
}
